
Microsoft Visual Studio Solution File, Format Version 12.00
# Visual Studio Version 16
VisualStudioVersion = 16.0.29728.190
MinimumVisualStudioVersion = 10.0.40219.1
Project("{FAE04EC0-301F-11D3-BF4B-00C04F79EFBC}") = "Opgave - Tyggegummimaskinen", "Opgave - Tyggegummimaskinen\Opgave - Tyggegummimaskinen.csproj", "{8E4C512B-9A6E-4BE4-9884-C14E489ADF66}"
EndProject
Global
	GlobalSection(SolutionConfigurationPlatforms) = preSolution
		Debug|Any CPU = Debug|Any CPU
		Release|Any CPU = Release|Any CPU
	EndGlobalSection
	GlobalSection(ProjectConfigurationPlatforms) = postSolution
		{8E4C512B-9A6E-4BE4-9884-C14E489ADF66}.Debug|Any CPU.ActiveCfg = Debug|Any CPU
		{8E4C512B-9A6E-4BE4-9884-C14E489ADF66}.Debug|Any CPU.Build.0 = Debug|Any CPU
		{8E4C512B-9A6E-4BE4-9884-C14E489ADF66}.Release|Any CPU.ActiveCfg = Release|Any CPU
		{8E4C512B-9A6E-4BE4-9884-C14E489ADF66}.Release|Any CPU.Build.0 = Release|Any CPU
	EndGlobalSection
	GlobalSection(SolutionProperties) = preSolution
		HideSolutionNode = FALSE
	EndGlobalSection
	GlobalSection(ExtensibilityGlobals) = postSolution
		SolutionGuid = {B66ED14B-6B7C-496C-9BD5-5914F1F699C9}
	EndGlobalSection
EndGlobal
